
Microsoft Visual Studio Solution File, Format Version 12.00
# Visual Studio 15
Project("{FAE04EC0-301F-11D3-BF4B-00C04F79EFBC}") = "ArrayFlattener", "ArrayFlattener.csproj", "{F6D2F438-2E11-46E0-8C98-AA8D190703E8}"
EndProject
Project("{FAE04EC0-301F-11D3-BF4B-00C04F79EFBC}") = "ArrayFlattener.Tests", "..\ArrayFlattener.Tests\ArrayFlattener.Tests.csproj", "{6B919C4E-A86B-400E-A538-BD8B8B5DE979}"
EndProject
Global
	GlobalSection(SolutionConfigurationPlatforms) = preSolution
		Debug|Any CPU = Debug|Any CPU
		Release|Any CPU = Release|Any CPU
	EndGlobalSection
	GlobalSection(ProjectConfigurationPlatforms) = postSolution
		{F6D2F438-2E11-46E0-8C98-AA8D190703E8}.Debug|Any CPU.ActiveCfg = Debug|Any CPU
		{F6D2F438-2E11-46E0-8C98-AA8D190703E8}.Debug|Any CPU.Build.0 = Debug|Any CPU
		{F6D2F438-2E11-46E0-8C98-AA8D190703E8}.Release|Any CPU.ActiveCfg = Release|Any CPU
		{F6D2F438-2E11-46E0-8C98-AA8D190703E8}.Release|Any CPU.Build.0 = Release|Any CPU
		{6B919C4E-A86B-400E-A538-BD8B8B5DE979}.Debug|Any CPU.ActiveCfg = Debug|Any CPU
		{6B919C4E-A86B-400E-A538-BD8B8B5DE979}.Debug|Any CPU.Build.0 = Debug|Any CPU
		{6B919C4E-A86B-400E-A538-BD8B8B5DE979}.Release|Any CPU.ActiveCfg = Release|Any CPU
		{6B919C4E-A86B-400E-A538-BD8B8B5DE979}.Release|Any CPU.Build.0 = Release|Any CPU
	EndGlobalSection
EndGlobal
